
Microsoft Visual Studio Solution File, Format Version 12.00
# Visual Studio Version 17
VisualStudioVersion = 17.1.32407.343
MinimumVisualStudioVersion = 10.0.40219.1
Project("{FAE04EC0-301F-11D3-BF4B-00C04F79EFBC}") = "Анимация4", "Анимация4\Анимация4.csproj", "{68394AA8-9FA8-4380-B836-D1A6131CCEDD}"
EndProject
Global
	GlobalSection(SolutionConfigurationPlatforms) = preSolution
		Debug|Any CPU = Debug|Any CPU
		Release|Any CPU = Release|Any CPU
	EndGlobalSection
	GlobalSection(ProjectConfigurationPlatforms) = postSolution
		{68394AA8-9FA8-4380-B836-D1A6131CCEDD}.Debug|Any CPU.ActiveCfg = Debug|Any CPU
		{68394AA8-9FA8-4380-B836-D1A6131CCEDD}.Debug|Any CPU.Build.0 = Debug|Any CPU
		{68394AA8-9FA8-4380-B836-D1A6131CCEDD}.Release|Any CPU.ActiveCfg = Release|Any CPU
		{68394AA8-9FA8-4380-B836-D1A6131CCEDD}.Release|Any CPU.Build.0 = Release|Any CPU
	EndGlobalSection
	GlobalSection(SolutionProperties) = preSolution
		HideSolutionNode = FALSE
	EndGlobalSection
	GlobalSection(ExtensibilityGlobals) = postSolution
		SolutionGuid = {D60CFABB-2D1E-46D0-9A39-980D5D1A6993}
	EndGlobalSection
EndGlobal
